// !$*UTF8*$!
{
	archiveVersion = 1;
	classes = {
	};
	objectVersion = 46;
	objects = {

/* Begin PBXBuildFile section */
		14D8659858DE27C3CDAA092F /* Pods_AlarmUITests.framework in Frameworks */ = {isa = PBXBuildFile; fileRef = 0CCC27AB157552DD78F1D61F /* Pods_AlarmUITests.framework */; };
		2A6AC94B0D91F994A9F4489A /* Pods_AlarmTests.framework in Frameworks */ = {isa = PBXBuildFile; fileRef = 643EA1088D11CB7C04AE8100 /* Pods_AlarmTests.framework */; };
		B74B921F1E9F0F610044E987 /* alarm clock.ttf in Resources */ = {isa = PBXBuildFile; fileRef = B74B921E1E9F0EF90044E987 /* alarm clock.ttf */; };
		B74DC09C1E8A570400168ACE /* LogInController.swift in Sources */ = {isa = PBXBuildFile; fileRef = B74DC09B1E8A570400168ACE /* LogInController.swift */; };
		B74DC0A21E8A600600168ACE /* Const.swift in Sources */ = {isa = PBXBuildFile; fileRef = B74DC0A11E8A600600168ACE /* Const.swift */; };
		B74DC0A41E8A7C0600168ACE /* GoogleService-Info.plist in Resources */ = {isa = PBXBuildFile; fileRef = B74DC0A31E8A7C0600168ACE /* GoogleService-Info.plist */; };
		B75AC27D1E932BCE004035C0 /* MyClassTableViewController.swift in Sources */ = {isa = PBXBuildFile; fileRef = B75AC27C1E932BCE004035C0 /* MyClassTableViewController.swift */; };
		B75C6D011EA079B8002D696F /* SubjectTableViewCell.swift in Sources */ = {isa = PBXBuildFile; fileRef = B75C6D001EA079B8002D696F /* SubjectTableViewCell.swift */; };
		B76526C71E8255F500C3C309 /* AppDelegate.swift in Sources */ = {isa = PBXBuildFile; fileRef = B76526C61E8255F500C3C309 /* AppDelegate.swift */; };
		B76526CC1E8255F500C3C309 /* Main.storyboard in Resources */ = {isa = PBXBuildFile; fileRef = B76526CA1E8255F500C3C309 /* Main.storyboard */; };
		B76526CF1E8255F500C3C309 /* Alarm.xcdatamodeld in Sources */ = {isa = PBXBuildFile; fileRef = B76526CD1E8255F500C3C309 /* Alarm.xcdatamodeld */; };
		B76526D11E8255F500C3C309 /* Assets.xcassets in Resources */ = {isa = PBXBuildFile; fileRef = B76526D01E8255F500C3C309 /* Assets.xcassets */; };
		B76526D41E8255F500C3C309 /* LaunchScreen.storyboard in Resources */ = {isa = PBXBuildFile; fileRef = B76526D21E8255F500C3C309 /* LaunchScreen.storyboard */; };
		B76526DF1E8255F600C3C309 /* AlarmTests.swift in Sources */ = {isa = PBXBuildFile; fileRef = B76526DE1E8255F600C3C309 /* AlarmTests.swift */; };
		B76526EA1E8255F600C3C309 /* AlarmUITests.swift in Sources */ = {isa = PBXBuildFile; fileRef = B76526E91E8255F600C3C309 /* AlarmUITests.swift */; };
		CE431631621DD383113A985A /* Pods_Alarm.framework in Frameworks */ = {isa = PBXBuildFile; fileRef = B01699DFD07FF855BD44893B /* Pods_Alarm.framework */; };
/* End PBXBuildFile section */

/* Begin PBXContainerItemProxy section */
		B76526DB1E8255F500C3C309 /* PBXContainerItemProxy */ = {
			isa = PBXContainerItemProxy;
			containerPortal = B76526BB1E8255F500C3C309 /* Project object */;
			proxyType = 1;
			remoteGlobalIDString = B76526C21E8255F500C3C309;
			remoteInfo = Alarm;
		};
		B76526E61E8255F600C3C309 /* PBXContainerItemProxy */ = {
			isa = PBXContainerItemProxy;
			containerPortal = B76526BB1E8255F500C3C309 /* Project object */;
			proxyType = 1;
			remoteGlobalIDString = B76526C21E8255F500C3C309;
			remoteInfo = Alarm;
		};
/* End PBXContainerItemProxy section */

/* Begin PBXFileReference section */
		0CCC27AB157552DD78F1D61F /* Pods_AlarmUITests.framework */ = {isa = PBXFileReference; explicitFileType = wrapper.framework; includeInIndex = 0; path = Pods_AlarmUITests.framework; sourceTree = BUILT_PRODUCTS_DIR; };
		643EA1088D11CB7C04AE8100 /* Pods_AlarmTests.framework */ = {isa = PBXFileReference; explicitFileType = wrapper.framework; includeInIndex = 0; path = Pods_AlarmTests.framework; sourceTree = BUILT_PRODUCTS_DIR; };
		6DB0A8146379CE71B39A448F /* Pods-AlarmTests.release.xcconfig */ = {isa = PBXFileReference; includeInIndex = 1; lastKnownFileType = text.xcconfig; name = "Pods-AlarmTests.release.xcconfig"; path = "Pods/Target Support Files/Pods-AlarmTests/Pods-AlarmTests.release.xcconfig"; sourceTree = "<group>"; };
		872071A207A8C058A7C4007C /* Pods-AlarmUITests.debug.xcconfig */ = {isa = PBXFileReference; includeInIndex = 1; lastKnownFileType = text.xcconfig; name = "Pods-AlarmUITests.debug.xcconfig"; path = "Pods/Target Support Files/Pods-AlarmUITests/Pods-AlarmUITests.debug.xcconfig"; sourceTree = "<group>"; };
		B01699DFD07FF855BD44893B /* Pods_Alarm.framework */ = {isa = PBXFileReference; explicitFileType = wrapper.framework; includeInIndex = 0; path = Pods_Alarm.framework; sourceTree = BUILT_PRODUCTS_DIR; };
		B74B921E1E9F0EF90044E987 /* alarm clock.ttf */ = {isa = PBXFileReference; lastKnownFileType = file; path = "alarm clock.ttf"; sourceTree = "<group>"; };
		B74DC09B1E8A570400168ACE /* LogInController.swift */ = {isa = PBXFileReference; fileEncoding = 4; lastKnownFileType = sourcecode.swift; path = LogInController.swift; sourceTree = "<group>"; };
		B74DC0A11E8A600600168ACE /* Const.swift */ = {isa = PBXFileReference; fileEncoding = 4; lastKnownFileType = sourcecode.swift; path = Const.swift; sourceTree = "<group>"; };
		B74DC0A31E8A7C0600168ACE /* GoogleService-Info.plist */ = {isa = PBXFileReference; fileEncoding = 4; lastKnownFileType = text.plist.xml; path = "GoogleService-Info.plist"; sourceTree = "<group>"; };
		B75AC27C1E932BCE004035C0 /* MyClassTableViewController.swift */ = {isa = PBXFileReference; fileEncoding = 4; lastKnownFileType = sourcecode.swift; path = MyClassTableViewController.swift; sourceTree = "<group>"; };
		B75C6D001EA079B8002D696F /* SubjectTableViewCell.swift */ = {isa = PBXFileReference; fileEncoding = 4; lastKnownFileType = sourcecode.swift; path = SubjectTableViewCell.swift; sourceTree = "<group>"; };
		B76526C31E8255F500C3C309 /* Alarm.app */ = {isa = PBXFileReference; explicitFileType = wrapper.application; includeInIndex = 0; path = Alarm.app; sourceTree = BUILT_PRODUCTS_DIR; };
		B76526C61E8255F500C3C309 /* AppDelegate.swift */ = {isa = PBXFileReference; lastKnownFileType = sourcecode.swift; path = AppDelegate.swift; sourceTree = "<group>"; };
		B76526CB1E8255F500C3C309 /* Base */ = {isa = PBXFileReference; lastKnownFileType = file.storyboard; name = Base; path = Base.lproj/Main.storyboard; sourceTree = "<group>"; };
		B76526CE1E8255F500C3C309 /* Alarm.xcdatamodel */ = {isa = PBXFileReference; lastKnownFileType = wrapper.xcdatamodel; path = Alarm.xcdatamodel; sourceTree = "<group>"; };
		B76526D01E8255F500C3C309 /* Assets.xcassets */ = {isa = PBXFileReference; lastKnownFileType = folder.assetcatalog; path = Assets.xcassets; sourceTree = "<group>"; };
		B76526D31E8255F500C3C309 /* Base */ = {isa = PBXFileReference; lastKnownFileType = file.storyboard; name = Base; path = Base.lproj/LaunchScreen.storyboard; sourceTree = "<group>"; };
		B76526D51E8255F500C3C309 /* Info.plist */ = {isa = PBXFileReference; lastKnownFileType = text.plist.xml; path = Info.plist; sourceTree = "<group>"; };
		B76526DA1E8255F500C3C309 /* AlarmTests.xctest */ = {isa = PBXFileReference; explicitFileType = wrapper.cfbundle; includeInIndex = 0; path = AlarmTests.xctest; sourceTree = BUILT_PRODUCTS_DIR; };
		B76526DE1E8255F600C3C309 /* AlarmTests.swift */ = {isa = PBXFileReference; lastKnownFileType = sourcecode.swift; path = AlarmTests.swift; sourceTree = "<group>"; };
		B76526E01E8255F600C3C309 /* Info.plist */ = {isa = PBXFileReference; lastKnownFileType = text.plist.xml; path = Info.plist; sourceTree = "<group>"; };
		B76526E51E8255F600C3C309 /* AlarmUITests.xctest */ = {isa = PBXFileReference; explicitFileType = wrapper.cfbundle; includeInIndex = 0; path = AlarmUITests.xctest; sourceTree = BUILT_PRODUCTS_DIR; };
		B76526E91E8255F600C3C309 /* AlarmUITests.swift */ = {isa = PBXFileReference; lastKnownFileType = sourcecode.swift; path = AlarmUITests.swift; sourceTree = "<group>"; };
		B76526EB1E8255F600C3C309 /* Info.plist */ = {isa = PBXFileReference; lastKnownFileType = text.plist.xml; path = Info.plist; sourceTree = "<group>"; };
		BAF4CE9C85A92954699D64DC /* Pods-AlarmTests.debug.xcconfig */ = {isa = PBXFileReference; includeInIndex = 1; lastKnownFileType = text.xcconfig; name = "Pods-AlarmTests.debug.xcconfig"; path = "Pods/Target Support Files/Pods-AlarmTests/Pods-AlarmTests.debug.xcconfig"; sourceTree = "<group>"; };
		E14CC725D175CF1346141CDD /* Pods-Alarm.release.xcconfig */ = {isa = PBXFileReference; includeInIndex = 1; lastKnownFileType = text.xcconfig; name = "Pods-Alarm.release.xcconfig"; path = "Pods/Target Support Files/Pods-Alarm/Pods-Alarm.release.xcconfig"; sourceTree = "<group>"; };
		F13A36479FEC38F2652846A3 /* Pods-Alarm.debug.xcconfig */ = {isa = PBXFileReference; includeInIndex = 1; lastKnownFileType = text.xcconfig; name = "Pods-Alarm.debug.xcconfig"; path = "Pods/Target Support Files/Pods-Alarm/Pods-Alarm.debug.xcconfig"; sourceTree = "<group>"; };
		FB4EA0040D8EBBC3D9ED7858 /* Pods-AlarmUITests.release.xcconfig */ = {isa = PBXFileReference; includeInIndex = 1; lastKnownFileType = text.xcconfig; name = "Pods-AlarmUITests.release.xcconfig"; path = "Pods/Target Support Files/Pods-AlarmUITests/Pods-AlarmUITests.release.xcconfig"; sourceTree = "<group>"; };
/* End PBXFileReference section */

/* Begin PBXFrameworksBuildPhase section */
		B76526C01E8255F500C3C309 /* Frameworks */ = {
			isa = PBXFrameworksBuildPhase;
			buildActionMask = 2147483647;
			files = (
				CE431631621DD383113A985A /* Pods_Alarm.framework in Frameworks */,
			);
			runOnlyForDeploymentPostprocessing = 0;
		};
		B76526D71E8255F500C3C309 /* Frameworks */ = {
			isa = PBXFrameworksBuildPhase;
			buildActionMask = 2147483647;
			files = (
				2A6AC94B0D91F994A9F4489A /* Pods_AlarmTests.framework in Frameworks */,
			);
			runOnlyForDeploymentPostprocessing = 0;
		};
		B76526E21E8255F600C3C309 /* Frameworks */ = {
			isa = PBXFrameworksBuildPhase;
			buildActionMask = 2147483647;
			files = (
				14D8659858DE27C3CDAA092F /* Pods_AlarmUITests.framework in Frameworks */,
			);
			runOnlyForDeploymentPostprocessing = 0;
		};
/* End PBXFrameworksBuildPhase section */

/* Begin PBXGroup section */
		7673BA261BE0C3106752C199 /* Frameworks */ = {
			isa = PBXGroup;
			children = (
				B01699DFD07FF855BD44893B /* Pods_Alarm.framework */,
				643EA1088D11CB7C04AE8100 /* Pods_AlarmTests.framework */,
				0CCC27AB157552DD78F1D61F /* Pods_AlarmUITests.framework */,
			);
			name = Frameworks;
			sourceTree = "<group>";
		};
		B74B921D1E9F0EB20044E987 /* Fonts */ = {
			isa = PBXGroup;
			children = (
				B74B921E1E9F0EF90044E987 /* alarm clock.ttf */,
			);
			name = Fonts;
			sourceTree = "<group>";
		};
		B76526BA1E8255F500C3C309 = {
			isa = PBXGroup;
			children = (
				B76526C51E8255F500C3C309 /* Alarm */,
				B76526DD1E8255F600C3C309 /* AlarmTests */,
				B76526E81E8255F600C3C309 /* AlarmUITests */,
				B76526C41E8255F500C3C309 /* Products */,
				D364FDE5A86C3EB6F1BE8165 /* Pods */,
				7673BA261BE0C3106752C199 /* Frameworks */,
			);
			sourceTree = "<group>";
		};
		B76526C41E8255F500C3C309 /* Products */ = {
			isa = PBXGroup;
			children = (
				B76526C31E8255F500C3C309 /* Alarm.app */,
				B76526DA1E8255F500C3C309 /* AlarmTests.xctest */,
				B76526E51E8255F600C3C309 /* AlarmUITests.xctest */,
			);
			name = Products;
			sourceTree = "<group>";
		};
		B76526C51E8255F500C3C309 /* Alarm */ = {
			isa = PBXGroup;
			children = (
				B74B921D1E9F0EB20044E987 /* Fonts */,
				B76526C61E8255F500C3C309 /* AppDelegate.swift */,
				B76526CA1E8255F500C3C309 /* Main.storyboard */,
				B76526D01E8255F500C3C309 /* Assets.xcassets */,
				B76526D21E8255F500C3C309 /* LaunchScreen.storyboard */,
				B76526D51E8255F500C3C309 /* Info.plist */,
				B74DC0A31E8A7C0600168ACE /* GoogleService-Info.plist */,
				B76526CD1E8255F500C3C309 /* Alarm.xcdatamodeld */,
				B74DC09B1E8A570400168ACE /* LogInController.swift */,
				B75AC27C1E932BCE004035C0 /* MyClassTableViewController.swift */,
				B75C6D001EA079B8002D696F /* SubjectTableViewCell.swift */,
				B74DC0A11E8A600600168ACE /* Const.swift */,
			);
			path = Alarm;
			sourceTree = "<group>";
		};
		B76526DD1E8255F600C3C309 /* AlarmTests */ = {
			isa = PBXGroup;
			children = (
				B76526DE1E8255F600C3C309 /* AlarmTests.swift */,
				B76526E01E8255F600C3C309 /* Info.plist */,
			);
			path = AlarmTests;
			sourceTree = "<group>";
		};
		B76526E81E8255F600C3C309 /* AlarmUITests */ = {
			isa = PBXGroup;
			children = (
				B76526E91E8255F600C3C309 /* AlarmUITests.swift */,
				B76526EB1E8255F600C3C309 /* Info.plist */,
			);
			path = AlarmUITests;
			sourceTree = "<group>";
		};
		D364FDE5A86C3EB6F1BE8165 /* Pods */ = {
			isa = PBXGroup;
			children = (
				F13A36479FEC38F2652846A3 /* Pods-Alarm.debug.xcconfig */,
				E14CC725D175CF1346141CDD /* Pods-Alarm.release.xcconfig */,
				BAF4CE9C85A92954699D64DC /* Pods-AlarmTests.debug.xcconfig */,
				6DB0A8146379CE71B39A448F /* Pods-AlarmTests.release.xcconfig */,
				872071A207A8C058A7C4007C /* Pods-AlarmUITests.debug.xcconfig */,
				FB4EA0040D8EBBC3D9ED7858 /* Pods-AlarmUITests.release.xcconfig */,
			);
			name = Pods;
			sourceTree = "<group>";
		};
/* End PBXGroup section */

/* Begin PBXNativeTarget section */
		B76526C21E8255F500C3C309 /* Alarm */ = {
			isa = PBXNativeTarget;
			buildConfigurationList = B76526EE1E8255F600C3C309 /* Build configuration list for PBXNativeTarget "Alarm" */;
			buildPhases = (
				969B290CD6AD7F28955E761A /* [CP] Check Pods Manifest.lock */,
				B76526BF1E8255F500C3C309 /* Sources */,
				B76526C01E8255F500C3C309 /* Frameworks */,
				B76526C11E8255F500C3C309 /* Resources */,
				5A10377730C0D80BA5DAB010 /* [CP] Embed Pods Frameworks */,
				86E93BEE2D5EAE51041AD4C3 /* [CP] Copy Pods Resources */,
			);
			buildRules = (
			);
			dependencies = (
			);
			name = Alarm;
			productName = Alarm;
			productReference = B76526C31E8255F500C3C309 /* Alarm.app */;
			productType = "com.apple.product-type.application";
		};
		B76526D91E8255F500C3C309 /* AlarmTests */ = {
			isa = PBXNativeTarget;
			buildConfigurationList = B76526F11E8255F600C3C309 /* Build configuration list for PBXNativeTarget "AlarmTests" */;
			buildPhases = (
				A15E4F940FB14E4A0FECF9AD /* [CP] Check Pods Manifest.lock */,
				B76526D61E8255F500C3C309 /* Sources */,
				B76526D71E8255F500C3C309 /* Frameworks */,
				B76526D81E8255F500C3C309 /* Resources */,
				B6DCE431018E77EEDBE16C07 /* [CP] Embed Pods Frameworks */,
				E1799591132FBF97B6C11917 /* [CP] Copy Pods Resources */,
			);
			buildRules = (
			);
			dependencies = (
				B76526DC1E8255F500C3C309 /* PBXTargetDependency */,
			);
			name = AlarmTests;
			productName = AlarmTests;
			productReference = B76526DA1E8255F500C3C309 /* AlarmTests.xctest */;
			productType = "com.apple.product-type.bundle.unit-test";
		};
		B76526E41E8255F600C3C309 /* AlarmUITests */ = {
			isa = PBXNativeTarget;
			buildConfigurationList = B76526F41E8255F600C3C309 /* Build configuration list for PBXNativeTarget "AlarmUITests" */;
			buildPhases = (
				84CD287E8A8AB704AA28D0F7 /* [CP] Check Pods Manifest.lock */,
				B76526E11E8255F600C3C309 /* Sources */,
				B76526E21E8255F600C3C309 /* Frameworks */,
				B76526E31E8255F600C3C309 /* Resources */,
				116DE41560BC60769357FB74 /* [CP] Embed Pods Frameworks */,
				D92753F7C8856B570AF93720 /* [CP] Copy Pods Resources */,
			);
			buildRules = (
			);
			dependencies = (
				B76526E71E8255F600C3C309 /* PBXTargetDependency */,
			);
			name = AlarmUITests;
			productName = AlarmUITests;
			productReference = B76526E51E8255F600C3C309 /* AlarmUITests.xctest */;
			productType = "com.apple.product-type.bundle.ui-testing";
		};
/* End PBXNativeTarget section */

/* Begin PBXProject section */
		B76526BB1E8255F500C3C309 /* Project object */ = {
			isa = PBXProject;
			attributes = {
				LastSwiftUpdateCheck = 0820;
				LastUpgradeCheck = 0820;
				ORGANIZATIONNAME = "Siwat Charoensong";
				TargetAttributes = {
					B76526C21E8255F500C3C309 = {
						CreatedOnToolsVersion = 8.2.1;
						ProvisioningStyle = Automatic;
					};
					B76526D91E8255F500C3C309 = {
						CreatedOnToolsVersion = 8.2.1;
						ProvisioningStyle = Automatic;
						TestTargetID = B76526C21E8255F500C3C309;
					};
					B76526E41E8255F600C3C309 = {
						CreatedOnToolsVersion = 8.2.1;
						ProvisioningStyle = Automatic;
						TestTargetID = B76526C21E8255F500C3C309;
					};
				};
			};
			buildConfigurationList = B76526BE1E8255F500C3C309 /* Build configuration list for PBXProject "Alarm" */;
			compatibilityVersion = "Xcode 3.2";
			developmentRegion = English;
			hasScannedForEncodings = 0;
			knownRegions = (
				en,
				Base,
			);
			mainGroup = B76526BA1E8255F500C3C309;
			productRefGroup = B76526C41E8255F500C3C309 /* Products */;
			projectDirPath = "";
			projectRoot = "";
			targets = (
				B76526C21E8255F500C3C309 /* Alarm */,
				B76526D91E8255F500C3C309 /* AlarmTests */,
				B76526E41E8255F600C3C309 /* AlarmUITests */,
			);
		};
/* End PBXProject section */

/* Begin PBXResourcesBuildPhase section */
		B76526C11E8255F500C3C309 /* Resources */ = {
			isa = PBXResourcesBuildPhase;
			buildActionMask = 2147483647;
			files = (
				B74B921F1E9F0F610044E987 /* alarm clock.ttf in Resources */,
				B76526D41E8255F500C3C309 /* LaunchScreen.storyboard in Resources */,
				B74DC0A41E8A7C0600168ACE /* GoogleService-Info.plist in Resources */,
				B76526D11E8255F500C3C309 /* Assets.xcassets in Resources */,
				B76526CC1E8255F500C3C309 /* Main.storyboard in Resources */,
			);
			runOnlyForDeploymentPostprocessing = 0;
		};
		B76526D81E8255F500C3C309 /* Resources */ = {
			isa = PBXResourcesBuildPhase;
			buildActionMask = 2147483647;
			files = (
			);
			runOnlyForDeploymentPostprocessing = 0;
		};
		B76526E31E8255F600C3C309 /* Resources */ = {
			isa = PBXResourcesBuildPhase;
			buildActionMask = 2147483647;
			files = (
			);
			runOnlyForDeploymentPostprocessing = 0;
		};
/* End PBXResourcesBuildPhase section */

/* Begin PBXShellScriptBuildPhase section */
		116DE41560BC60769357FB74 /* [CP] Embed Pods Frameworks */ = {
			isa = PBXShellScriptBuildPhase;
			buildActionMask = 2147483647;
			files = (
			);
			inputPaths = (
			);
			name = "[CP] Embed Pods Frameworks";
			outputPaths = (
			);
			runOnlyForDeploymentPostprocessing = 0;
			shellPath = /bin/sh;
			shellScript = "\"${SRCROOT}/Pods/Target Support Files/Pods-AlarmUITests/Pods-AlarmUITests-frameworks.sh\"\n";
			showEnvVarsInLog = 0;
		};
		5A10377730C0D80BA5DAB010 /* [CP] Embed Pods Frameworks */ = {
			isa = PBXShellScriptBuildPhase;
			buildActionMask = 2147483647;
			files = (
			);
			inputPaths = (
			);
			name = "[CP] Embed Pods Frameworks";
			outputPaths = (
			);
			runOnlyForDeploymentPostprocessing = 0;
			shellPath = /bin/sh;
			shellScript = "\"${SRCROOT}/Pods/Target Support Files/Pods-Alarm/Pods-Alarm-frameworks.sh\"\n";
			showEnvVarsInLog = 0;
		};
		84CD287E8A8AB704AA28D0F7 /* [CP] Check Pods Manifest.lock */ = {
			isa = PBXShellScriptBuildPhase;
			buildActionMask = 2147483647;
			files = (
			);
			inputPaths = (
			);
			name = "[CP] Check Pods Manifest.lock";
			outputPaths = (
			);
			runOnlyForDeploymentPostprocessing = 0;
			shellPath = /bin/sh;
			shellScript = "diff \"${PODS_ROOT}/../Podfile.lock\" \"${PODS_ROOT}/Manifest.lock\" > /dev/null\nif [ $? != 0 ] ; then\n    # print error to STDERR\n    echo \"error: The sandbox is not in sync with the Podfile.lock. Run 'pod install' or update your CocoaPods installation.\" >&2\n    exit 1\nfi\n";
			showEnvVarsInLog = 0;
		};
		86E93BEE2D5EAE51041AD4C3 /* [CP] Copy Pods Resources */ = {
			isa = PBXShellScriptBuildPhase;
			buildActionMask = 2147483647;
			files = (
			);
			inputPaths = (
			);
			name = "[CP] Copy Pods Resources";
			outputPaths = (
			);
			runOnlyForDeploymentPostprocessing = 0;
			shellPath = /bin/sh;
			shellScript = "\"${SRCROOT}/Pods/Target Support Files/Pods-Alarm/Pods-Alarm-resources.sh\"\n";
			showEnvVarsInLog = 0;
		};
		969B290CD6AD7F28955E761A /* [CP] Check Pods Manifest.lock */ = {
			isa = PBXShellScriptBuildPhase;
			buildActionMask = 2147483647;
			files = (
			);
			inputPaths = (
			);
			name = "[CP] Check Pods Manifest.lock";
			outputPaths = (
			);
			runOnlyForDeploymentPostprocessing = 0;
			shellPath = /bin/sh;
			shellScript = "diff \"${PODS_ROOT}/../Podfile.lock\" \"${PODS_ROOT}/Manifest.lock\" > /dev/null\nif [ $? != 0 ] ; then\n    # print error to STDERR\n    echo \"error: The sandbox is not in sync with the Podfile.lock. Run 'pod install' or update your CocoaPods installation.\" >&2\n    exit 1\nfi\n";
			showEnvVarsInLog = 0;
		};
		A15E4F940FB14E4A0FECF9AD /* [CP] Check Pods Manifest.lock */ = {
			isa = PBXShellScriptBuildPhase;
			buildActionMask = 2147483647;
			files = (
			);
			inputPaths = (
			);
			name = "[CP] Check Pods Manifest.lock";
			outputPaths = (
			);
			runOnlyForDeploymentPostprocessing = 0;
			shellPath = /bin/sh;
			shellScript = "diff \"${PODS_ROOT}/../Podfile.lock\" \"${PODS_ROOT}/Manifest.lock\" > /dev/null\nif [ $? != 0 ] ; then\n    # print error to STDERR\n    echo \"error: The sandbox is not in sync with the Podfile.lock. Run 'pod install' or update your CocoaPods installation.\" >&2\n    exit 1\nfi\n";
			showEnvVarsInLog = 0;
		};
		B6DCE431018E77EEDBE16C07 /* [CP] Embed Pods Frameworks */ = {
			isa = PBXShellScriptBuildPhase;
			buildActionMask = 2147483647;
			files = (
			);
			inputPaths = (
			);
			name = "[CP] Embed Pods Frameworks";
			outputPaths = (
			);
			runOnlyForDeploymentPostprocessing = 0;
			shellPath = /bin/sh;
			shellScript = "\"${SRCROOT}/Pods/Target Support Files/Pods-AlarmTests/Pods-AlarmTests-frameworks.sh\"\n";
			showEnvVarsInLog = 0;
		};
		D92753F7C8856B570AF93720 /* [CP] Copy Pods Resources */ = {
			isa = PBXShellScriptBuildPhase;
			buildActionMask = 2147483647;
			files = (
			);
			inputPaths = (
			);
			name = "[CP] Copy Pods Resources";
			outputPaths = (
			);
			runOnlyForDeploymentPostprocessing = 0;
			shellPath = /bin/sh;
			shellScript = "\"${SRCROOT}/Pods/Target Support Files/Pods-AlarmUITests/Pods-AlarmUITests-resources.sh\"\n";
			showEnvVarsInLog = 0;
		};
		E1799591132FBF97B6C11917 /* [CP] Copy Pods Resources */ = {
			isa = PBXShellScriptBuildPhase;
			buildActionMask = 2147483647;
			files = (
			);
			inputPaths = (
			);
			name = "[CP] Copy Pods Resources";
			outputPaths = (
			);
			runOnlyForDeploymentPostprocessing = 0;
			shellPath = /bin/sh;
			shellScript = "\"${SRCROOT}/Pods/Target Support Files/Pods-AlarmTests/Pods-AlarmTests-resources.sh\"\n";
			showEnvVarsInLog = 0;
		};
/* End PBXShellScriptBuildPhase section */

/* Begin PBXSourcesBuildPhase section */
		B76526BF1E8255F500C3C309 /* Sources */ = {
			isa = PBXSourcesBuildPhase;
			buildActionMask = 2147483647;
			files = (
				B76526C71E8255F500C3C309 /* AppDelegate.swift in Sources */,
				B74DC09C1E8A570400168ACE /* LogInController.swift in Sources */,
				B76526CF1E8255F500C3C309 /* Alarm.xcdatamodeld in Sources */,
				B75AC27D1E932BCE004035C0 /* MyClassTableViewController.swift in Sources */,
				B75C6D011EA079B8002D696F /* SubjectTableViewCell.swift in Sources */,
				B74DC0A21E8A600600168ACE /* Const.swift in Sources */,
			);
			runOnlyForDeploymentPostprocessing = 0;
		};
		B76526D61E8255F500C3C309 /* Sources */ = {
			isa = PBXSourcesBuildPhase;
			buildActionMask = 2147483647;
			files = (
				B76526DF1E8255F600C3C309 /* AlarmTests.swift in Sources */,
			);
			runOnlyForDeploymentPostprocessing = 0;
		};
		B76526E11E8255F600C3C309 /* Sources */ = {
			isa = PBXSourcesBuildPhase;
			buildActionMask = 2147483647;
			files = (
				B76526EA1E8255F600C3C309 /* AlarmUITests.swift in Sources */,
			);
			runOnlyForDeploymentPostprocessing = 0;
		};
/* End PBXSourcesBuildPhase section */

/* Begin PBXTargetDependency section */
		B76526DC1E8255F500C3C309 /* PBXTargetDependency */ = {
			isa = PBXTargetDependency;
			target = B76526C21E8255F500C3C309 /* Alarm */;
			targetProxy = B76526DB1E8255F500C3C309 /* PBXContainerItemProxy */;
		};
		B76526E71E8255F600C3C309 /* PBXTargetDependency */ = {
			isa = PBXTargetDependency;
			target = B76526C21E8255F500C3C309 /* Alarm */;
			targetProxy = B76526E61E8255F600C3C309 /* PBXContainerItemProxy */;
		};
/* End PBXTargetDependency section */

/* Begin PBXVariantGroup section */
		B76526CA1E8255F500C3C309 /* Main.storyboard */ = {
			isa = PBXVariantGroup;
			children = (
				B76526CB1E8255F500C3C309 /* Base */,
			);
			name = Main.storyboard;
			sourceTree = "<group>";
		};
		B76526D21E8255F500C3C309 /* LaunchScreen.storyboard */ = {
			isa = PBXVariantGroup;
			children = (
				B76526D31E8255F500C3C309 /* Base */,
			);
			name = LaunchScreen.storyboard;
			sourceTree = "<group>";
		};
/* End PBXVariantGroup section */

/* Begin XCBuildConfiguration section */
		B76526EC1E8255F600C3C309 /* Debug */ = {
			isa = XCBuildConfiguration;
			buildSettings = {
				ALWAYS_SEARCH_USER_PATHS = NO;
				CLANG_ANALYZER_NONNULL = YES;
				CLANG_CXX_LANGUAGE_STANDARD = "gnu++0x";
				CLANG_CXX_LIBRARY = "libc++";
				CLANG_ENABLE_MODULES = YES;
				CLANG_ENABLE_OBJC_ARC = YES;
				CLANG_WARN_BOOL_CONVERSION = YES;
				CLANG_WARN_CONSTANT_CONVERSION = YES;
				CLANG_WARN_DIRECT_OBJC_ISA_USAGE = YES_ERROR;
				CLANG_WARN_DOCUMENTATION_COMMENTS = YES;
				CLANG_WARN_EMPTY_BODY = YES;
				CLANG_WARN_ENUM_CONVERSION = YES;
				CLANG_WARN_INFINITE_RECURSION = YES;
				CLANG_WARN_INT_CONVERSION = YES;
				CLANG_WARN_OBJC_ROOT_CLASS = YES_ERROR;
				CLANG_WARN_SUSPICIOUS_MOVE = YES;
				CLANG_WARN_UNREACHABLE_CODE = YES;
				CLANG_WARN__DUPLICATE_METHOD_MATCH = YES;
				"CODE_SIGN_IDENTITY[sdk=iphoneos*]" = "iPhone Developer";
				COPY_PHASE_STRIP = NO;
				DEBUG_INFORMATION_FORMAT = dwarf;
				ENABLE_STRICT_OBJC_MSGSEND = YES;
				ENABLE_TESTABILITY = YES;
				GCC_C_LANGUAGE_STANDARD = gnu99;
				GCC_DYNAMIC_NO_PIC = NO;
				GCC_NO_COMMON_BLOCKS = YES;
				GCC_OPTIMIZATION_LEVEL = 0;
				GCC_PREPROCESSOR_DEFINITIONS = (
					"DEBUG=1",
					"$(inherited)",
				);
				GCC_WARN_64_TO_32_BIT_CONVERSION = YES;
				GCC_WARN_ABOUT_RETURN_TYPE = YES_ERROR;
				GCC_WARN_UNDECLARED_SELECTOR = YES;
				GCC_WARN_UNINITIALIZED_AUTOS = YES_AGGRESSIVE;
				GCC_WARN_UNUSED_FUNCTION = YES;
				GCC_WARN_UNUSED_VARIABLE = YES;
				IPHONEOS_DEPLOYMENT_TARGET = 10.2;
				MTL_ENABLE_DEBUG_INFO = YES;
				ONLY_ACTIVE_ARCH = YES;
				SDKROOT = iphoneos;
				SWIFT_ACTIVE_COMPILATION_CONDITIONS = DEBUG;
				SWIFT_OPTIMIZATION_LEVEL = "-Onone";
				TARGETED_DEVICE_FAMILY = "1,2";
			};
			name = Debug;
		};
		B76526ED1E8255F600C3C309 /* Release */ = {
			isa = XCBuildConfiguration;
			buildSettings = {
				ALWAYS_SEARCH_USER_PATHS = NO;
				CLANG_ANALYZER_NONNULL = YES;
				CLANG_CXX_LANGUAGE_STANDARD = "gnu++0x";
				CLANG_CXX_LIBRARY = "libc++";
				CLANG_ENABLE_MODULES = YES;
				CLANG_ENABLE_OBJC_ARC = YES;
				CLANG_WARN_BOOL_CONVERSION = YES;
				CLANG_WARN_CONSTANT_CONVERSION = YES;
				CLANG_WARN_DIRECT_OBJC_ISA_USAGE = YES_ERROR;
				CLANG_WARN_DOCUMENTATION_COMMENTS = YES;
				CLANG_WARN_EMPTY_BODY = YES;
				CLANG_WARN_ENUM_CONVERSION = YES;
				CLANG_WARN_INFINITE_RECURSION = YES;
				CLANG_WARN_INT_CONVERSION = YES;
				CLANG_WARN_OBJC_ROOT_CLASS = YES_ERROR;
				CLANG_WARN_SUSPICIOUS_MOVE = YES;
				CLANG_WARN_UNREACHABLE_CODE = YES;
				CLANG_WARN__DUPLICATE_METHOD_MATCH = YES;
				"CODE_SIGN_IDENTITY[sdk=iphoneos*]" = "iPhone Developer";
				COPY_PHASE_STRIP = NO;
				DEBUG_INFORMATION_FORMAT = "dwarf-with-dsym";
				ENABLE_NS_ASSERTIONS = NO;
				ENABLE_STRICT_OBJC_MSGSEND = YES;
				GCC_C_LANGUAGE_STANDARD = gnu99;
				GCC_NO_COMMON_BLOCKS = YES;
				GCC_WARN_64_TO_32_BIT_CONVERSION = YES;
				GCC_WARN_ABOUT_RETURN_TYPE = YES_ERROR;
				GCC_WARN_UNDECLARED_SELECTOR = YES;
				GCC_WARN_UNINITIALIZED_AUTOS = YES_AGGRESSIVE;
				GCC_WARN_UNUSED_FUNCTION = YES;
				GCC_WARN_UNUSED_VARIABLE = YES;
				IPHONEOS_DEPLOYMENT_TARGET = 10.2;
				MTL_ENABLE_DEBUG_INFO = NO;
				SDKROOT = iphoneos;
				SWIFT_OPTIMIZATION_LEVEL = "-Owholemodule";
				TARGETED_DEVICE_FAMILY = "1,2";
				VALIDATE_PRODUCT = YES;
			};
			name = Release;
		};
		B76526EF1E8255F600C3C309 /* Debug */ = {
			isa = XCBuildConfiguration;
			baseConfigurationReference = F13A36479FEC38F2652846A3 /* Pods-Alarm.debug.xcconfig */;
			buildSettings = {
				ASSETCATALOG_COMPILER_APPICON_NAME = AppIcon;
				INFOPLIST_FILE = Alarm/Info.plist;
				LD_RUNPATH_SEARCH_PATHS = "$(inherited) @executable_path/Frameworks";
				PRODUCT_BUNDLE_IDENTIFIER = com.charoensong.Alarm;
				PRODUCT_NAME = "$(TARGET_NAME)";
				SWIFT_VERSION = 3.0;
			};
			name = Debug;
		};
		B76526F01E8255F600C3C309 /* Release */ = {
			isa = XCBuildConfiguration;
			baseConfigurationReference = E14CC725D175CF1346141CDD /* Pods-Alarm.release.xcconfig */;
			buildSettings = {
				ASSETCATALOG_COMPILER_APPICON_NAME = AppIcon;
				INFOPLIST_FILE = Alarm/Info.plist;
				LD_RUNPATH_SEARCH_PATHS = "$(inherited) @executable_path/Frameworks";
				PRODUCT_BUNDLE_IDENTIFIER = com.charoensong.Alarm;
				PRODUCT_NAME = "$(TARGET_NAME)";
				SWIFT_VERSION = 3.0;
			};
			name = Release;
		};
		B76526F21E8255F600C3C309 /* Debug */ = {
			isa = XCBuildConfiguration;
			baseConfigurationReference = BAF4CE9C85A92954699D64DC /* Pods-AlarmTests.debug.xcconfig */;
			buildSettings = {
				ALWAYS_EMBED_SWIFT_STANDARD_LIBRARIES = YES;
				BUNDLE_LOADER = "$(TEST_HOST)";
				INFOPLIST_FILE = AlarmTests/Info.plist;
				LD_RUNPATH_SEARCH_PATHS = "$(inherited) @executable_path/Frameworks @loader_path/Frameworks";
				PRODUCT_BUNDLE_IDENTIFIER = com.charoensong.AlarmTests;
				PRODUCT_NAME = "$(TARGET_NAME)";
				SWIFT_VERSION = 3.0;
				TEST_HOST = "$(BUILT_PRODUCTS_DIR)/Alarm.app/Alarm";
			};
			name = Debug;
		};
		B76526F31E8255F600C3C309 /* Release */ = {
			isa = XCBuildConfiguration;
			baseConfigurationReference = 6DB0A8146379CE71B39A448F /* Pods-AlarmTests.release.xcconfig */;
			buildSettings = {
				ALWAYS_EMBED_SWIFT_STANDARD_LIBRARIES = YES;
				BUNDLE_LOADER = "$(TEST_HOST)";
				INFOPLIST_FILE = AlarmTests/Info.plist;
				LD_RUNPATH_SEARCH_PATHS = "$(inherited) @executable_path/Frameworks @loader_path/Frameworks";
				PRODUCT_BUNDLE_IDENTIFIER = com.charoensong.AlarmTests;
				PRODUCT_NAME = "$(TARGET_NAME)";
				SWIFT_VERSION = 3.0;
				TEST_HOST = "$(BUILT_PRODUCTS_DIR)/Alarm.app/Alarm";
			};
			name = Release;
		};
		B76526F51E8255F600C3C309 /* Debug */ = {
			isa = XCBuildConfiguration;
			baseConfigurationReference = 872071A207A8C058A7C4007C /* Pods-AlarmUITests.debug.xcconfig */;
			buildSettings = {
				ALWAYS_EMBED_SWIFT_STANDARD_LIBRARIES = YES;
				INFOPLIST_FILE = AlarmUITests/Info.plist;
				LD_RUNPATH_SEARCH_PATHS = "$(inherited) @executable_path/Frameworks @loader_path/Frameworks";
				PRODUCT_BUNDLE_IDENTIFIER = com.charoensong.AlarmUITests;
				PRODUCT_NAME = "$(TARGET_NAME)";
				SWIFT_VERSION = 3.0;
				TEST_TARGET_NAME = Alarm;
			};
			name = Debug;
		};
		B76526F61E8255F600C3C309 /* Release */ = {
			isa = XCBuildConfiguration;
			baseConfigurationReference = FB4EA0040D8EBBC3D9ED7858 /* Pods-AlarmUITests.release.xcconfig */;
			buildSettings = {
				ALWAYS_EMBED_SWIFT_STANDARD_LIBRARIES = YES;
				INFOPLIST_FILE = AlarmUITests/Info.plist;
				LD_RUNPATH_SEARCH_PATHS = "$(inherited) @executable_path/Frameworks @loader_path/Frameworks";
				PRODUCT_BUNDLE_IDENTIFIER = com.charoensong.AlarmUITests;
				PRODUCT_NAME = "$(TARGET_NAME)";
				SWIFT_VERSION = 3.0;
				TEST_TARGET_NAME = Alarm;
			};
			name = Release;
		};
/* End XCBuildConfiguration section */

/* Begin XCConfigurationList section */
		B76526BE1E8255F500C3C309 /* Build configuration list for PBXProject "Alarm" */ = {
			isa = XCConfigurationList;
			buildConfigurations = (
				B76526EC1E8255F600C3C309 /* Debug */,
				B76526ED1E8255F600C3C309 /* Release */,
			);
			defaultConfigurationIsVisible = 0;
			defaultConfigurationName = Release;
		};
		B76526EE1E8255F600C3C309 /* Build configuration list for PBXNativeTarget "Alarm" */ = {
			isa = XCConfigurationList;
			buildConfigurations = (
				B76526EF1E8255F600C3C309 /* Debug */,
				B76526F01E8255F600C3C309 /* Release */,
			);
			defaultConfigurationIsVisible = 0;
			defaultConfigurationName = Release;
		};
		B76526F11E8255F600C3C309 /* Build configuration list for PBXNativeTarget "AlarmTests" */ = {
			isa = XCConfigurationList;
			buildConfigurations = (
				B76526F21E8255F600C3C309 /* Debug */,
				B76526F31E8255F600C3C309 /* Release */,
			);
			defaultConfigurationIsVisible = 0;
			defaultConfigurationName = Release;
		};
		B76526F41E8255F600C3C309 /* Build configuration list for PBXNativeTarget "AlarmUITests" */ = {
			isa = XCConfigurationList;
			buildConfigurations = (
				B76526F51E8255F600C3C309 /* Debug */,
				B76526F61E8255F600C3C309 /* Release */,
			);
			defaultConfigurationIsVisible = 0;
			defaultConfigurationName = Release;
		};
/* End XCConfigurationList section */

/* Begin XCVersionGroup section */
		B76526CD1E8255F500C3C309 /* Alarm.xcdatamodeld */ = {
			isa = XCVersionGroup;
			children = (
				B76526CE1E8255F500C3C309 /* Alarm.xcdatamodel */,
			);
			currentVersion = B76526CE1E8255F500C3C309 /* Alarm.xcdatamodel */;
			path = Alarm.xcdatamodeld;
			sourceTree = "<group>";
			versionGroupType = wrapper.xcdatamodel;
		};
/* End XCVersionGroup section */
	};
	rootObject = B76526BB1E8255F500C3C309 /* Project object */;
}
